{
  "nodes": {
    "home-manager": {
      "inputs": {
        "nixpkgs": [
          "nixpkgs"
        ]
      },
      "locked": {
        "lastModified": 1753288256,
        "narHash": "sha256-wKCN1UbrsL0PRen3wiHqP3zrI3WfrtPvrHAVnJWhg84=",
        "owner": "nix-community",
        "repo": "home-manager",
        "rev": "3641df95becab34d2d7a221218091c2cea2d9c2e",
        "type": "github"
      },
      "original": {
        "owner": "nix-community",
        "ref": "master",
        "repo": "home-manager",
        "type": "github"
      }
    },
    "nil": {
      "inputs": {
        "nixpkgs": [
          "nixpkgs"
        ]
      },
      "locked": {
        "lastModified": 1752799399,
        "narHash": "sha256-Uy2qzd+fMoBcp4NPSO7DavEC1pGMegmAqoEMvmXbIQU=",
        "owner": "oxalica",
        "repo": "nil",
        "rev": "524ae2d67dd84d99a10f409ed6cd8e4e7b3cae3f",
        "type": "github"
      },
      "original": {
        "owner": "oxalica",
        "repo": "nil",
        "type": "github"
      }
    },
    "nixpkgs": {
      "locked": {
        "lastModified": 1752950548,
        "narHash": "sha256-NS6BLD0lxOrnCiEOcvQCDVPXafX1/ek1dfJHX1nUIzc=",
        "owner": "nixos",
        "repo": "nixpkgs",
        "rev": "c87b95e25065c028d31a94f06a62927d18763fdf",
        "type": "github"
      },
      "original": {
        "owner": "nixos",
        "ref": "nixos-unstable",
        "repo": "nixpkgs",
        "type": "github"
      }
    },
    "root": {
      "inputs": {
        "home-manager": "home-manager",
        "nil": "nil",
        "nixpkgs": "nixpkgs"
      }
    }
  },
  "root": "root",
  "version": 7
}
